// !$*UTF8*$!
{
	archiveVersion = 1;
	classes = {
	};
	objectVersion = 46;
	objects = {

/* Begin PBXBuildFile section */
		63AF722C1D05E0DD006788A8 /* AppDelegate.swift in Sources */ = {isa = PBXBuildFile; fileRef = 63AF722B1D05E0DD006788A8 /* AppDelegate.swift */; };
		63AF722E1D05E0DD006788A8 /* PhotoViewController.swift in Sources */ = {isa = PBXBuildFile; fileRef = 63AF722D1D05E0DD006788A8 /* PhotoViewController.swift */; };
		63AF72311D05E0DD006788A8 /* Main.storyboard in Resources */ = {isa = PBXBuildFile; fileRef = 63AF722F1D05E0DD006788A8 /* Main.storyboard */; };
		63AF72331D05E0DD006788A8 /* Assets.xcassets in Resources */ = {isa = PBXBuildFile; fileRef = 63AF72321D05E0DD006788A8 /* Assets.xcassets */; };
		63AF72361D05E0DD006788A8 /* LaunchScreen.storyboard in Resources */ = {isa = PBXBuildFile; fileRef = 63AF72341D05E0DD006788A8 /* LaunchScreen.storyboard */; };
		63AF72411D05E0DE006788A8 /* PhotoDownloadTests.swift in Sources */ = {isa = PBXBuildFile; fileRef = 63AF72401D05E0DE006788A8 /* PhotoDownloadTests.swift */; };
		63AF724C1D05E20B006788A8 /* PhotoOperations.swift in Sources */ = {isa = PBXBuildFile; fileRef = 63AF724B1D05E20B006788A8 /* PhotoOperations.swift */; };
/* End PBXBuildFile section */

/* Begin PBXContainerItemProxy section */
		63AF723D1D05E0DE006788A8 /* PBXContainerItemProxy */ = {
			isa = PBXContainerItemProxy;
			containerPortal = 63AF72201D05E0DD006788A8 /* Project object */;
			proxyType = 1;
			remoteGlobalIDString = 63AF72271D05E0DD006788A8;
			remoteInfo = PhotoDownload;
		};
/* End PBXContainerItemProxy section */

/* Begin PBXFileReference section */
		63AF72281D05E0DD006788A8 /* PhotoDownload.app */ = {isa = PBXFileReference; explicitFileType = wrapper.application; includeInIndex = 0; path = PhotoDownload.app; sourceTree = BUILT_PRODUCTS_DIR; };
		63AF722B1D05E0DD006788A8 /* AppDelegate.swift */ = {isa = PBXFileReference; lastKnownFileType = sourcecode.swift; path = AppDelegate.swift; sourceTree = "<group>"; };
		63AF722D1D05E0DD006788A8 /* PhotoViewController.swift */ = {isa = PBXFileReference; lastKnownFileType = sourcecode.swift; path = PhotoViewController.swift; sourceTree = "<group>"; };
		63AF72301D05E0DD006788A8 /* Base */ = {isa = PBXFileReference; lastKnownFileType = file.storyboard; name = Base; path = Base.lproj/Main.storyboard; sourceTree = "<group>"; };
		63AF72321D05E0DD006788A8 /* Assets.xcassets */ = {isa = PBXFileReference; lastKnownFileType = folder.assetcatalog; path = Assets.xcassets; sourceTree = "<group>"; };
		63AF72351D05E0DD006788A8 /* Base */ = {isa = PBXFileReference; lastKnownFileType = file.storyboard; name = Base; path = Base.lproj/LaunchScreen.storyboard; sourceTree = "<group>"; };
		63AF72371D05E0DD006788A8 /* Info.plist */ = {isa = PBXFileReference; lastKnownFileType = text.plist.xml; path = Info.plist; sourceTree = "<group>"; };
		63AF723C1D05E0DE006788A8 /* PhotoDownloadTests.xctest */ = {isa = PBXFileReference; explicitFileType = wrapper.cfbundle; includeInIndex = 0; path = PhotoDownloadTests.xctest; sourceTree = BUILT_PRODUCTS_DIR; };
		63AF72401D05E0DE006788A8 /* PhotoDownloadTests.swift */ = {isa = PBXFileReference; lastKnownFileType = sourcecode.swift; path = PhotoDownloadTests.swift; sourceTree = "<group>"; };
		63AF72421D05E0DE006788A8 /* Info.plist */ = {isa = PBXFileReference; lastKnownFileType = text.plist.xml; path = Info.plist; sourceTree = "<group>"; };
		63AF724B1D05E20B006788A8 /* PhotoOperations.swift */ = {isa = PBXFileReference; fileEncoding = 4; lastKnownFileType = sourcecode.swift; path = PhotoOperations.swift; sourceTree = "<group>"; };
/* End PBXFileReference section */

/* Begin PBXFrameworksBuildPhase section */
		63AF72251D05E0DD006788A8 /* Frameworks */ = {
			isa = PBXFrameworksBuildPhase;
			buildActionMask = 2147483647;
			files = (
			);
			runOnlyForDeploymentPostprocessing = 0;
		};
		63AF72391D05E0DE006788A8 /* Frameworks */ = {
			isa = PBXFrameworksBuildPhase;
			buildActionMask = 2147483647;
			files = (
			);
			runOnlyForDeploymentPostprocessing = 0;
		};
/* End PBXFrameworksBuildPhase section */

/* Begin PBXGroup section */
		63AF721F1D05E0DD006788A8 = {
			isa = PBXGroup;
			children = (
				63AF722A1D05E0DD006788A8 /* PhotoDownload */,
				63AF723F1D05E0DE006788A8 /* PhotoDownloadTests */,
				63AF72291D05E0DD006788A8 /* Products */,
			);
			sourceTree = "<group>";
		};
		63AF72291D05E0DD006788A8 /* Products */ = {
			isa = PBXGroup;
			children = (
				63AF72281D05E0DD006788A8 /* PhotoDownload.app */,
				63AF723C1D05E0DE006788A8 /* PhotoDownloadTests.xctest */,
			);
			name = Products;
			sourceTree = "<group>";
		};
		63AF722A1D05E0DD006788A8 /* PhotoDownload */ = {
			isa = PBXGroup;
			children = (
				63AF722B1D05E0DD006788A8 /* AppDelegate.swift */,
				63AF722D1D05E0DD006788A8 /* PhotoViewController.swift */,
				63AF722F1D05E0DD006788A8 /* Main.storyboard */,
				63AF72321D05E0DD006788A8 /* Assets.xcassets */,
				63AF724B1D05E20B006788A8 /* PhotoOperations.swift */,
				63AF72341D05E0DD006788A8 /* LaunchScreen.storyboard */,
				63AF72371D05E0DD006788A8 /* Info.plist */,
			);
			path = PhotoDownload;
			sourceTree = "<group>";
		};
		63AF723F1D05E0DE006788A8 /* PhotoDownloadTests */ = {
			isa = PBXGroup;
			children = (
				63AF72401D05E0DE006788A8 /* PhotoDownloadTests.swift */,
				63AF72421D05E0DE006788A8 /* Info.plist */,
			);
			path = PhotoDownloadTests;
			sourceTree = "<group>";
		};
/* End PBXGroup section */

/* Begin PBXNativeTarget section */
		63AF72271D05E0DD006788A8 /* PhotoDownload */ = {
			isa = PBXNativeTarget;
			buildConfigurationList = 63AF72451D05E0DE006788A8 /* Build configuration list for PBXNativeTarget "PhotoDownload" */;
			buildPhases = (
				63AF72241D05E0DD006788A8 /* Sources */,
				63AF72251D05E0DD006788A8 /* Frameworks */,
				63AF72261D05E0DD006788A8 /* Resources */,
			);
			buildRules = (
			);
			dependencies = (
			);
			name = PhotoDownload;
			productName = PhotoDownload;
			productReference = 63AF72281D05E0DD006788A8 /* PhotoDownload.app */;
			productType = "com.apple.product-type.application";
		};
		63AF723B1D05E0DE006788A8 /* PhotoDownloadTests */ = {
			isa = PBXNativeTarget;
			buildConfigurationList = 63AF72481D05E0DE006788A8 /* Build configuration list for PBXNativeTarget "PhotoDownloadTests" */;
			buildPhases = (
				63AF72381D05E0DE006788A8 /* Sources */,
				63AF72391D05E0DE006788A8 /* Frameworks */,
				63AF723A1D05E0DE006788A8 /* Resources */,
			);
			buildRules = (
			);
			dependencies = (
				63AF723E1D05E0DE006788A8 /* PBXTargetDependency */,
			);
			name = PhotoDownloadTests;
			productName = PhotoDownloadTests;
			productReference = 63AF723C1D05E0DE006788A8 /* PhotoDownloadTests.xctest */;
			productType = "com.apple.product-type.bundle.unit-test";
		};
/* End PBXNativeTarget section */

/* Begin PBXProject section */
		63AF72201D05E0DD006788A8 /* Project object */ = {
			isa = PBXProject;
			attributes = {
				LastSwiftUpdateCheck = 0730;
				LastUpgradeCheck = 0730;
				ORGANIZATIONNAME = "Foggy Media";
				TargetAttributes = {
					63AF72271D05E0DD006788A8 = {
						CreatedOnToolsVersion = 7.3.1;
					};
					63AF723B1D05E0DE006788A8 = {
						CreatedOnToolsVersion = 7.3.1;
						TestTargetID = 63AF72271D05E0DD006788A8;
					};
				};
			};
			buildConfigurationList = 63AF72231D05E0DD006788A8 /* Build configuration list for PBXProject "PhotoDownload" */;
			compatibilityVersion = "Xcode 3.2";
			developmentRegion = English;
			hasScannedForEncodings = 0;
			knownRegions = (
				en,
				Base,
			);
			mainGroup = 63AF721F1D05E0DD006788A8;
			productRefGroup = 63AF72291D05E0DD006788A8 /* Products */;
			projectDirPath = "";
			projectRoot = "";
			targets = (
				63AF72271D05E0DD006788A8 /* PhotoDownload */,
				63AF723B1D05E0DE006788A8 /* PhotoDownloadTests */,
			);
		};
/* End PBXProject section */

/* Begin PBXResourcesBuildPhase section */
		63AF72261D05E0DD006788A8 /* Resources */ = {
			isa = PBXResourcesBuildPhase;
			buildActionMask = 2147483647;
			files = (
				63AF72361D05E0DD006788A8 /* LaunchScreen.storyboard in Resources */,
				63AF72331D05E0DD006788A8 /* Assets.xcassets in Resources */,
				63AF72311D05E0DD006788A8 /* Main.storyboard in Resources */,
			);
			runOnlyForDeploymentPostprocessing = 0;
		};
		63AF723A1D05E0DE006788A8 /* Resources */ = {
			isa = PBXResourcesBuildPhase;
			buildActionMask = 2147483647;
			files = (
			);
			runOnlyForDeploymentPostprocessing = 0;
		};
/* End PBXResourcesBuildPhase section */

/* Begin PBXSourcesBuildPhase section */
		63AF72241D05E0DD006788A8 /* Sources */ = {
			isa = PBXSourcesBuildPhase;
			buildActionMask = 2147483647;
			files = (
				63AF722E1D05E0DD006788A8 /* PhotoViewController.swift in Sources */,
				63AF722C1D05E0DD006788A8 /* AppDelegate.swift in Sources */,
				63AF724C1D05E20B006788A8 /* PhotoOperations.swift in Sources */,
			);
			runOnlyForDeploymentPostprocessing = 0;
		};
		63AF72381D05E0DE006788A8 /* Sources */ = {
			isa = PBXSourcesBuildPhase;
			buildActionMask = 2147483647;
			files = (
				63AF72411D05E0DE006788A8 /* PhotoDownloadTests.swift in Sources */,
			);
			runOnlyForDeploymentPostprocessing = 0;
		};
/* End PBXSourcesBuildPhase section */

/* Begin PBXTargetDependency section */
		63AF723E1D05E0DE006788A8 /* PBXTargetDependency */ = {
			isa = PBXTargetDependency;
			target = 63AF72271D05E0DD006788A8 /* PhotoDownload */;
			targetProxy = 63AF723D1D05E0DE006788A8 /* PBXContainerItemProxy */;
		};
/* End PBXTargetDependency section */

/* Begin PBXVariantGroup section */
		63AF722F1D05E0DD006788A8 /* Main.storyboard */ = {
			isa = PBXVariantGroup;
			children = (
				63AF72301D05E0DD006788A8 /* Base */,
			);
			name = Main.storyboard;
			sourceTree = "<group>";
		};
		63AF72341D05E0DD006788A8 /* LaunchScreen.storyboard */ = {
			isa = PBXVariantGroup;
			children = (
				63AF72351D05E0DD006788A8 /* Base */,
			);
			name = LaunchScreen.storyboard;
			sourceTree = "<group>";
		};
/* End PBXVariantGroup section */

/* Begin XCBuildConfiguration section */
		63AF72431D05E0DE006788A8 /* Debug */ = {
			isa = XCBuildConfiguration;
			buildSettings = {
				ALWAYS_SEARCH_USER_PATHS = NO;
				CLANG_ANALYZER_NONNULL = YES;
				CLANG_CXX_LANGUAGE_STANDARD = "gnu++0x";
				CLANG_CXX_LIBRARY = "libc++";
				CLANG_ENABLE_MODULES = YES;
				CLANG_ENABLE_OBJC_ARC = YES;
				CLANG_WARN_BOOL_CONVERSION = YES;
				CLANG_WARN_CONSTANT_CONVERSION = YES;
				CLANG_WARN_DIRECT_OBJC_ISA_USAGE = YES_ERROR;
				CLANG_WARN_EMPTY_BODY = YES;
				CLANG_WARN_ENUM_CONVERSION = YES;
				CLANG_WARN_INT_CONVERSION = YES;
				CLANG_WARN_OBJC_ROOT_CLASS = YES_ERROR;
				CLANG_WARN_UNREACHABLE_CODE = YES;
				CLANG_WARN__DUPLICATE_METHOD_MATCH = YES;
				"CODE_SIGN_IDENTITY[sdk=iphoneos*]" = "iPhone Developer";
				COPY_PHASE_STRIP = NO;
				DEBUG_INFORMATION_FORMAT = dwarf;
				ENABLE_STRICT_OBJC_MSGSEND = YES;
				ENABLE_TESTABILITY = YES;
				GCC_C_LANGUAGE_STANDARD = gnu99;
				GCC_DYNAMIC_NO_PIC = NO;
				GCC_NO_COMMON_BLOCKS = YES;
				GCC_OPTIMIZATION_LEVEL = 0;
				GCC_PREPROCESSOR_DEFINITIONS = (
					"DEBUG=1",
					"$(inherited)",
				);
				GCC_WARN_64_TO_32_BIT_CONVERSION = YES;
				GCC_WARN_ABOUT_RETURN_TYPE = YES_ERROR;
				GCC_WARN_UNDECLARED_SELECTOR = YES;
				GCC_WARN_UNINITIALIZED_AUTOS = YES_AGGRESSIVE;
				GCC_WARN_UNUSED_FUNCTION = YES;
				GCC_WARN_UNUSED_VARIABLE = YES;
				IPHONEOS_DEPLOYMENT_TARGET = 9.3;
				MTL_ENABLE_DEBUG_INFO = YES;
				ONLY_ACTIVE_ARCH = YES;
				SDKROOT = iphoneos;
				SWIFT_OPTIMIZATION_LEVEL = "-Onone";
				TARGETED_DEVICE_FAMILY = "1,2";
			};
			name = Debug;
		};
		63AF72441D05E0DE006788A8 /* Release */ = {
			isa = XCBuildConfiguration;
			buildSettings = {
				ALWAYS_SEARCH_USER_PATHS = NO;
				CLANG_ANALYZER_NONNULL = YES;
				CLANG_CXX_LANGUAGE_STANDARD = "gnu++0x";
				CLANG_CXX_LIBRARY = "libc++";
				CLANG_ENABLE_MODULES = YES;
				CLANG_ENABLE_OBJC_ARC = YES;
				CLANG_WARN_BOOL_CONVERSION = YES;
				CLANG_WARN_CONSTANT_CONVERSION = YES;
				CLANG_WARN_DIRECT_OBJC_ISA_USAGE = YES_ERROR;
				CLANG_WARN_EMPTY_BODY = YES;
				CLANG_WARN_ENUM_CONVERSION = YES;
				CLANG_WARN_INT_CONVERSION = YES;
				CLANG_WARN_OBJC_ROOT_CLASS = YES_ERROR;
				CLANG_WARN_UNREACHABLE_CODE = YES;
				CLANG_WARN__DUPLICATE_METHOD_MATCH = YES;
				"CODE_SIGN_IDENTITY[sdk=iphoneos*]" = "iPhone Developer";
				COPY_PHASE_STRIP = NO;
				DEBUG_INFORMATION_FORMAT = "dwarf-with-dsym";
				ENABLE_NS_ASSERTIONS = NO;
				ENABLE_STRICT_OBJC_MSGSEND = YES;
				GCC_C_LANGUAGE_STANDARD = gnu99;
				GCC_NO_COMMON_BLOCKS = YES;
				GCC_WARN_64_TO_32_BIT_CONVERSION = YES;
				GCC_WARN_ABOUT_RETURN_TYPE = YES_ERROR;
				GCC_WARN_UNDECLARED_SELECTOR = YES;
				GCC_WARN_UNINITIALIZED_AUTOS = YES_AGGRESSIVE;
				GCC_WARN_UNUSED_FUNCTION = YES;
				GCC_WARN_UNUSED_VARIABLE = YES;
				IPHONEOS_DEPLOYMENT_TARGET = 9.3;
				MTL_ENABLE_DEBUG_INFO = NO;
				SDKROOT = iphoneos;
				TARGETED_DEVICE_FAMILY = "1,2";
				VALIDATE_PRODUCT = YES;
			};
			name = Release;
		};
		63AF72461D05E0DE006788A8 /* Debug */ = {
			isa = XCBuildConfiguration;
			buildSettings = {
				ASSETCATALOG_COMPILER_APPICON_NAME = AppIcon;
				INFOPLIST_FILE = PhotoDownload/Info.plist;
				LD_RUNPATH_SEARCH_PATHS = "$(inherited) @executable_path/Frameworks";
				PRODUCT_BUNDLE_IDENTIFIER = FoggyMedia.PhotoDownload;
				PRODUCT_NAME = "$(TARGET_NAME)";
			};
			name = Debug;
		};
		63AF72471D05E0DE006788A8 /* Release */ = {
			isa = XCBuildConfiguration;
			buildSettings = {
				ASSETCATALOG_COMPILER_APPICON_NAME = AppIcon;
				INFOPLIST_FILE = PhotoDownload/Info.plist;
				LD_RUNPATH_SEARCH_PATHS = "$(inherited) @executable_path/Frameworks";
				PRODUCT_BUNDLE_IDENTIFIER = FoggyMedia.PhotoDownload;
				PRODUCT_NAME = "$(TARGET_NAME)";
			};
			name = Release;
		};
		63AF72491D05E0DE006788A8 /* Debug */ = {
			isa = XCBuildConfiguration;
			buildSettings = {
				BUNDLE_LOADER = "$(TEST_HOST)";
				INFOPLIST_FILE = PhotoDownloadTests/Info.plist;
				LD_RUNPATH_SEARCH_PATHS = "$(inherited) @executable_path/Frameworks @loader_path/Frameworks";
				PRODUCT_BUNDLE_IDENTIFIER = FoggyMedia.PhotoDownloadTests;
				PRODUCT_NAME = "$(TARGET_NAME)";
				TEST_HOST = "$(BUILT_PRODUCTS_DIR)/PhotoDownload.app/PhotoDownload";
			};
			name = Debug;
		};
		63AF724A1D05E0DE006788A8 /* Release */ = {
			isa = XCBuildConfiguration;
			buildSettings = {
				BUNDLE_LOADER = "$(TEST_HOST)";
				INFOPLIST_FILE = PhotoDownloadTests/Info.plist;
				LD_RUNPATH_SEARCH_PATHS = "$(inherited) @executable_path/Frameworks @loader_path/Frameworks";
				PRODUCT_BUNDLE_IDENTIFIER = FoggyMedia.PhotoDownloadTests;
				PRODUCT_NAME = "$(TARGET_NAME)";
				TEST_HOST = "$(BUILT_PRODUCTS_DIR)/PhotoDownload.app/PhotoDownload";
			};
			name = Release;
		};
/* End XCBuildConfiguration section */

/* Begin XCConfigurationList section */
		63AF72231D05E0DD006788A8 /* Build configuration list for PBXProject "PhotoDownload" */ = {
			isa = XCConfigurationList;
			buildConfigurations = (
				63AF72431D05E0DE006788A8 /* Debug */,
				63AF72441D05E0DE006788A8 /* Release */,
			);
			defaultConfigurationIsVisible = 0;
			defaultConfigurationName = Release;
		};
		63AF72451D05E0DE006788A8 /* Build configuration list for PBXNativeTarget "PhotoDownload" */ = {
			isa = XCConfigurationList;
			buildConfigurations = (
				63AF72461D05E0DE006788A8 /* Debug */,
				63AF72471D05E0DE006788A8 /* Release */,
			);
			defaultConfigurationIsVisible = 0;
		};
		63AF72481D05E0DE006788A8 /* Build configuration list for PBXNativeTarget "PhotoDownloadTests" */ = {
			isa = XCConfigurationList;
			buildConfigurations = (
				63AF72491D05E0DE006788A8 /* Debug */,
				63AF724A1D05E0DE006788A8 /* Release */,
			);
			defaultConfigurationIsVisible = 0;
		};
/* End XCConfigurationList section */
	};
	rootObject = 63AF72201D05E0DD006788A8 /* Project object */;
}
